
Microsoft Visual Studio Solution File, Format Version 12.00
# Visual Studio Version 17
VisualStudioVersion = 17.10.35013.160
MinimumVisualStudioVersion = 10.0.40219.1
Project("{FAE04EC0-301F-11D3-BF4B-00C04F79EFBC}") = "WebAPI_Practice", "WebAPI_Practice\WebAPI_Practice.csproj", "{60B81E74-FD6D-4595-A274-25E4BAD74936}"
EndProject
Global
	GlobalSection(SolutionConfigurationPlatforms) = preSolution
		Debug|Any CPU = Debug|Any CPU
		Release|Any CPU = Release|Any CPU
	EndGlobalSection
	GlobalSection(ProjectConfigurationPlatforms) = postSolution
		{60B81E74-FD6D-4595-A274-25E4BAD74936}.Debug|Any CPU.ActiveCfg = Debug|Any CPU
		{60B81E74-FD6D-4595-A274-25E4BAD74936}.Debug|Any CPU.Build.0 = Debug|Any CPU
		{60B81E74-FD6D-4595-A274-25E4BAD74936}.Release|Any CPU.ActiveCfg = Release|Any CPU
		{60B81E74-FD6D-4595-A274-25E4BAD74936}.Release|Any CPU.Build.0 = Release|Any CPU
	EndGlobalSection
	GlobalSection(SolutionProperties) = preSolution
		HideSolutionNode = FALSE
	EndGlobalSection
	GlobalSection(ExtensibilityGlobals) = postSolution
		SolutionGuid = {9BDF15DB-782F-4529-898C-B4A6959F6356}
	EndGlobalSection
EndGlobal
